
Microsoft Visual Studio Solution File, Format Version 12.00
# Visual Studio Version 17
VisualStudioVersion = 17.6.33829.357
MinimumVisualStudioVersion = 10.0.40219.1
Project("{FAE04EC0-301F-11D3-BF4B-00C04F79EFBC}") = "Country_city_picker", "Country_city_picker.csproj", "{F92B9C64-5163-4081-8046-A7DFFCD31813}"
EndProject
Global
	GlobalSection(SolutionConfigurationPlatforms) = preSolution
		Debug|Any CPU = Debug|Any CPU
		Release|Any CPU = Release|Any CPU
	EndGlobalSection
	GlobalSection(ProjectConfigurationPlatforms) = postSolution
		{F92B9C64-5163-4081-8046-A7DFFCD31813}.Debug|Any CPU.ActiveCfg = Debug|Any CPU
		{F92B9C64-5163-4081-8046-A7DFFCD31813}.Debug|Any CPU.Build.0 = Debug|Any CPU
		{F92B9C64-5163-4081-8046-A7DFFCD31813}.Release|Any CPU.ActiveCfg = Release|Any CPU
		{F92B9C64-5163-4081-8046-A7DFFCD31813}.Release|Any CPU.Build.0 = Release|Any CPU
	EndGlobalSection
	GlobalSection(SolutionProperties) = preSolution
		HideSolutionNode = FALSE
	EndGlobalSection
	GlobalSection(ExtensibilityGlobals) = postSolution
		SolutionGuid = {EFD1A01B-38D0-4A2F-B529-51131443214C}
	EndGlobalSection
EndGlobal
